
Microsoft Visual Studio Solution File, Format Version 12.00
# Visual Studio 15
VisualStudioVersion = 15.0.27703.2026
MinimumVisualStudioVersion = 10.0.40219.1
Project("{FAE04EC0-301F-11D3-BF4B-00C04F79EFBC}") = "泛型", "泛型\泛型.csproj", "{775E4FDB-3FA6-4528-B95E-EC0D51E44CB9}"
EndProject
Global
	GlobalSection(SolutionConfigurationPlatforms) = preSolution
		Debug|Any CPU = Debug|Any CPU
		Release|Any CPU = Release|Any CPU
	EndGlobalSection
	GlobalSection(ProjectConfigurationPlatforms) = postSolution
		{775E4FDB-3FA6-4528-B95E-EC0D51E44CB9}.Debug|Any CPU.ActiveCfg = Debug|Any CPU
		{775E4FDB-3FA6-4528-B95E-EC0D51E44CB9}.Debug|Any CPU.Build.0 = Debug|Any CPU
		{775E4FDB-3FA6-4528-B95E-EC0D51E44CB9}.Release|Any CPU.ActiveCfg = Release|Any CPU
		{775E4FDB-3FA6-4528-B95E-EC0D51E44CB9}.Release|Any CPU.Build.0 = Release|Any CPU
	EndGlobalSection
	GlobalSection(SolutionProperties) = preSolution
		HideSolutionNode = FALSE
	EndGlobalSection
	GlobalSection(ExtensibilityGlobals) = postSolution
		SolutionGuid = {A5F63D16-1EEB-43C5-8DB7-0807FE8D0879}
	EndGlobalSection
EndGlobal
